
Microsoft Visual Studio Solution File, Format Version 12.00
# Visual Studio Version 16
VisualStudioVersion = 16.0.31424.327
MinimumVisualStudioVersion = 10.0.40219.1
Project("{FAE04EC0-301F-11D3-BF4B-00C04F79EFBC}") = "XBOXGames", "XBOXGames\XBOXGames.csproj", "{360A25DB-B492-4A2F-862B-26A8D06DC256}"
EndProject
Global
	GlobalSection(SolutionConfigurationPlatforms) = preSolution
		Debug|ARM = Debug|ARM
		Debug|ARM64 = Debug|ARM64
		Debug|x64 = Debug|x64
		Debug|x86 = Debug|x86
		Release|ARM = Release|ARM
		Release|ARM64 = Release|ARM64
		Release|x64 = Release|x64
		Release|x86 = Release|x86
	EndGlobalSection
	GlobalSection(ProjectConfigurationPlatforms) = postSolution
		{360A25DB-B492-4A2F-862B-26A8D06DC256}.Debug|ARM.ActiveCfg = Debug|ARM
		{360A25DB-B492-4A2F-862B-26A8D06DC256}.Debug|ARM.Build.0 = Debug|ARM
		{360A25DB-B492-4A2F-862B-26A8D06DC256}.Debug|ARM.Deploy.0 = Debug|ARM
		{360A25DB-B492-4A2F-862B-26A8D06DC256}.Debug|ARM64.ActiveCfg = Debug|ARM64
		{360A25DB-B492-4A2F-862B-26A8D06DC256}.Debug|ARM64.Build.0 = Debug|ARM64
		{360A25DB-B492-4A2F-862B-26A8D06DC256}.Debug|ARM64.Deploy.0 = Debug|ARM64
		{360A25DB-B492-4A2F-862B-26A8D06DC256}.Debug|x64.ActiveCfg = Debug|x64
		{360A25DB-B492-4A2F-862B-26A8D06DC256}.Debug|x64.Build.0 = Debug|x64
		{360A25DB-B492-4A2F-862B-26A8D06DC256}.Debug|x64.Deploy.0 = Debug|x64
		{360A25DB-B492-4A2F-862B-26A8D06DC256}.Debug|x86.ActiveCfg = Debug|x86
		{360A25DB-B492-4A2F-862B-26A8D06DC256}.Debug|x86.Build.0 = Debug|x86
		{360A25DB-B492-4A2F-862B-26A8D06DC256}.Debug|x86.Deploy.0 = Debug|x86
		{360A25DB-B492-4A2F-862B-26A8D06DC256}.Release|ARM.ActiveCfg = Release|ARM
		{360A25DB-B492-4A2F-862B-26A8D06DC256}.Release|ARM.Build.0 = Release|ARM
		{360A25DB-B492-4A2F-862B-26A8D06DC256}.Release|ARM.Deploy.0 = Release|ARM
		{360A25DB-B492-4A2F-862B-26A8D06DC256}.Release|ARM64.ActiveCfg = Release|ARM64
		{360A25DB-B492-4A2F-862B-26A8D06DC256}.Release|ARM64.Build.0 = Release|ARM64
		{360A25DB-B492-4A2F-862B-26A8D06DC256}.Release|ARM64.Deploy.0 = Release|ARM64
		{360A25DB-B492-4A2F-862B-26A8D06DC256}.Release|x64.ActiveCfg = Release|x64
		{360A25DB-B492-4A2F-862B-26A8D06DC256}.Release|x64.Build.0 = Release|x64
		{360A25DB-B492-4A2F-862B-26A8D06DC256}.Release|x64.Deploy.0 = Release|x64
		{360A25DB-B492-4A2F-862B-26A8D06DC256}.Release|x86.ActiveCfg = Release|x86
		{360A25DB-B492-4A2F-862B-26A8D06DC256}.Release|x86.Build.0 = Release|x86
		{360A25DB-B492-4A2F-862B-26A8D06DC256}.Release|x86.Deploy.0 = Release|x86
	EndGlobalSection
	GlobalSection(SolutionProperties) = preSolution
		HideSolutionNode = FALSE
	EndGlobalSection
	GlobalSection(ExtensibilityGlobals) = postSolution
		SolutionGuid = {AEFCADA7-4BC1-4A50-BD51-B86304DDB42F}
	EndGlobalSection
EndGlobal
